{
  "name": "@ce1pers/storage-helpers",
  "version": "1.0.3",
  "lockfileVersion": 2,
  "requires": true,
  "packages": {
    "": {
      "name": "@ce1pers/storage-helpers",
      "version": "1.0.3",
      "license": "MIT",
      "dependencies": {
        "@ce1pers/logger-helpers": "^1.0.3"
      },
      "devDependencies": {
        "typescript": "^4.8.4"
      }
    },
    "node_modules/@ce1pers/logger-helpers": {
      "version": "1.0.3",
      "resolved": "https://registry.npmjs.org/@ce1pers/logger-helpers/-/logger-helpers-1.0.3.tgz",
      "integrity": "sha512-HqYtxGZIvOmOWWTrNJstFo/CEm3tfOBY3DED4WebEEovNO/gnkV2MXyOvD5zSYVtVHg54ABD8+d25vTlwQYIiw=="
    },
    "node_modules/typescript": {
      "version": "4.8.4",
      "resolved": "https://registry.npmjs.org/typescript/-/typescript-4.8.4.tgz",
      "integrity": "sha512-QCh+85mCy+h0IGff8r5XWzOVSbBO+KfeYrMQh7NJ58QujwcE22u+NUSmUxqF+un70P9GXKxa2HCNiTTMJknyjQ==",
      "dev": true,
      "bin": {
        "tsc": "bin/tsc",
        "tsserver": "bin/tsserver"
      },
      "engines": {
        "node": ">=4.2.0"
      }
    }
  },
  "dependencies": {
    "@ce1pers/logger-helpers": {
      "version": "1.0.3",
      "resolved": "https://registry.npmjs.org/@ce1pers/logger-helpers/-/logger-helpers-1.0.3.tgz",
      "integrity": "sha512-HqYtxGZIvOmOWWTrNJstFo/CEm3tfOBY3DED4WebEEovNO/gnkV2MXyOvD5zSYVtVHg54ABD8+d25vTlwQYIiw=="
    },
    "typescript": {
      "version": "4.8.4",
      "resolved": "https://registry.npmjs.org/typescript/-/typescript-4.8.4.tgz",
      "integrity": "sha512-QCh+85mCy+h0IGff8r5XWzOVSbBO+KfeYrMQh7NJ58QujwcE22u+NUSmUxqF+un70P9GXKxa2HCNiTTMJknyjQ==",
      "dev": true
    }
  }
}
